
Microsoft Visual Studio Solution File, Format Version 12.00
# Visual Studio Version 17
VisualStudioVersion = 17.14.36414.22 d17.14
MinimumVisualStudioVersion = 10.0.40219.1
Project("{888888A0-9F3D-457C-B088-3A5042F75D52}") = "Hangman Bot", "Hangman Bot.pyproj", "{3F93D571-981B-4CF9-9A46-D1B877011B93}"
EndProject
Global
	GlobalSection(SolutionConfigurationPlatforms) = preSolution
		Debug|Any CPU = Debug|Any CPU
		Release|Any CPU = Release|Any CPU
	EndGlobalSection
	GlobalSection(ProjectConfigurationPlatforms) = postSolution
		{3F93D571-981B-4CF9-9A46-D1B877011B93}.Debug|Any CPU.ActiveCfg = Debug|Any CPU
		{3F93D571-981B-4CF9-9A46-D1B877011B93}.Release|Any CPU.ActiveCfg = Release|Any CPU
	EndGlobalSection
	GlobalSection(SolutionProperties) = preSolution
		HideSolutionNode = FALSE
	EndGlobalSection
	GlobalSection(ExtensibilityGlobals) = postSolution
		SolutionGuid = {5B85CD44-3243-4C10-8E53-39EE4B5648E5}
	EndGlobalSection
EndGlobal
